
Microsoft Visual Studio Solution File, Format Version 12.00
# Visual Studio Version 17
VisualStudioVersion = 17.9.34701.34
MinimumVisualStudioVersion = 10.0.40219.1
Project("{9A19103F-16F7-4668-BE54-9A1E7A4F7556}") = "SeleniumExperiment", "SeleniumExperiment\SeleniumExperiment.csproj", "{464CC4CB-15C4-4CFC-8B50-8083926A244A}"
EndProject
Project("{FAE04EC0-301F-11D3-BF4B-00C04F79EFBC}") = "TestProject1", "TestProject1\TestProject1.csproj", "{B24E2CFA-E9AF-4A36-B5D6-DF6EBACF7D53}"
EndProject
Global
	GlobalSection(SolutionConfigurationPlatforms) = preSolution
		Debug|Any CPU = Debug|Any CPU
		Release|Any CPU = Release|Any CPU
	EndGlobalSection
	GlobalSection(ProjectConfigurationPlatforms) = postSolution
		{464CC4CB-15C4-4CFC-8B50-8083926A244A}.Debug|Any CPU.ActiveCfg = Debug|Any CPU
		{464CC4CB-15C4-4CFC-8B50-8083926A244A}.Debug|Any CPU.Build.0 = Debug|Any CPU
		{464CC4CB-15C4-4CFC-8B50-8083926A244A}.Release|Any CPU.ActiveCfg = Release|Any CPU
		{464CC4CB-15C4-4CFC-8B50-8083926A244A}.Release|Any CPU.Build.0 = Release|Any CPU
		{B24E2CFA-E9AF-4A36-B5D6-DF6EBACF7D53}.Debug|Any CPU.ActiveCfg = Debug|Any CPU
		{B24E2CFA-E9AF-4A36-B5D6-DF6EBACF7D53}.Debug|Any CPU.Build.0 = Debug|Any CPU
		{B24E2CFA-E9AF-4A36-B5D6-DF6EBACF7D53}.Release|Any CPU.ActiveCfg = Release|Any CPU
		{B24E2CFA-E9AF-4A36-B5D6-DF6EBACF7D53}.Release|Any CPU.Build.0 = Release|Any CPU
	EndGlobalSection
	GlobalSection(SolutionProperties) = preSolution
		HideSolutionNode = FALSE
	EndGlobalSection
	GlobalSection(ExtensibilityGlobals) = postSolution
		SolutionGuid = {8B3F3863-97A6-490A-8961-4F431031DF13}
	EndGlobalSection
EndGlobal
